{
  "requires": true,
  "lockfileVersion": 1,
  "dependencies": {
    "@opentelemetry/api": {
      "version": "0.15.0",
      "resolved": "https://registry.npmjs.org/@opentelemetry/api/-/api-0.15.0.tgz",
      "integrity": "sha512-tPyzyO8P33wWUlUdo8+NawX2qnn8HyVUAilANWLxrT9C6g4JbN6eatSQrx3G0NzohnobT3fiwrbVFNeacWS9gg==",
      "requires": {
        "@opentelemetry/context-base": "^0.15.0"
      }
    },
    "@opentelemetry/api-metrics": {
      "version": "0.15.0",
      "resolved": "https://registry.npmjs.org/@opentelemetry/api-metrics/-/api-metrics-0.15.0.tgz",
      "integrity": "sha512-leC14QKqusuZxq67suspqfe4Qjj3GEww0X9c964vWvE8zjii4itW8TucaEAC6s4gQ4y8z+arFkvX/dlItRVGoQ==",
      "requires": {
        "@opentelemetry/api": "^0.15.0"
      }
    },
    "@opentelemetry/context-base": {
      "version": "0.15.0",
      "resolved": "https://registry.npmjs.org/@opentelemetry/context-base/-/context-base-0.15.0.tgz",
      "integrity": "sha512-J8AKI035Mf84bcD+0Ok69Oo3nKoa+HLCj54/ZKcTPJPfx3MywZOEildDPej2fV3tA0d0G9BID8b6o+BGpbwmig=="
    },
    "@opentelemetry/core": {
      "version": "0.15.0",
      "resolved": "https://registry.npmjs.org/@opentelemetry/core/-/core-0.15.0.tgz",
      "integrity": "sha512-4LLBoayeT0L+BpO+RYzoDsLByn1FMDqpQLto7M8P2DXOtxI//TWSo13KCMbv+pprOyweMWcsxL8jj+qv9ktSAg==",
      "requires": {
        "@opentelemetry/api": "^0.15.0",
        "@opentelemetry/context-base": "^0.15.0",
        "semver": "^7.1.3"
      }
    },
    "@opentelemetry/instrumentation": {
      "version": "0.15.0",
      "resolved": "https://registry.npmjs.org/@opentelemetry/instrumentation/-/instrumentation-0.15.0.tgz",
      "integrity": "sha512-jzgUlskOUalyM2Wjq1sHnTDfvpDeGC6uGQ6jBesLI5XRX8+5ShQiy07YqZrNea95i1O8wlZBBraIB1dRrxQ/6w==",
      "requires": {
        "@opentelemetry/api": "^0.15.0",
        "@opentelemetry/api-metrics": "^0.15.0",
        "require-in-the-middle": "^5.0.3",
        "semver": "^7.3.2",
        "shimmer": "^1.2.1"
      }
    },
    "@opentelemetry/plugin-document-load": {
      "version": "0.13.1",
      "resolved": "https://registry.npmjs.org/@opentelemetry/plugin-document-load/-/plugin-document-load-0.13.1.tgz",
      "integrity": "sha512-DlSuslUEkA9EfCu4me1Xlyi55uYgLFRyqGUOisR6gJejD9zeULkHrgHPAOBPeeGiF8GcYVQpqEfaxM0KJT18yQ==",
      "requires": {
        "@opentelemetry/api": "^0.15.0",
        "@opentelemetry/core": "^0.15.0",
        "@opentelemetry/semantic-conventions": "^0.15.0",
        "@opentelemetry/tracing": "^0.15.0",
        "@opentelemetry/web": "^0.15.0"
      },
      "dependencies": {
        "@opentelemetry/web": {
          "version": "0.15.0",
          "resolved": "https://registry.npmjs.org/@opentelemetry/web/-/web-0.15.0.tgz",
          "integrity": "sha512-ZbN/Iid3RwXjoD0Z9MnO+QFh1b7/tjZHsF4Xj4CyeqpCttal8Z8A3PufxieCWQuy22u+mCUYVefl/eHGFrp4ww==",
          "requires": {
            "@opentelemetry/api": "^0.15.0",
            "@opentelemetry/context-base": "^0.15.0",
            "@opentelemetry/core": "^0.15.0",
            "@opentelemetry/instrumentation": "^0.15.0",
            "@opentelemetry/semantic-conventions": "^0.15.0",
            "@opentelemetry/tracing": "^0.15.0"
          }
        }
      }
    },
    "@opentelemetry/resources": {
      "version": "0.15.0",
      "resolved": "https://registry.npmjs.org/@opentelemetry/resources/-/resources-0.15.0.tgz",
      "integrity": "sha512-0PK6d6NEVwchfBXqjoMWMudRsP4z9IUdY6qSlBPXL9ikOcbLzLp8Ngc0rY2BrnZa58CttsRRceA1ul/1ipp+1w==",
      "requires": {
        "@opentelemetry/api": "^0.15.0",
        "@opentelemetry/core": "^0.15.0"
      }
    },
    "@opentelemetry/semantic-conventions": {
      "version": "0.15.0",
      "resolved": "https://registry.npmjs.org/@opentelemetry/semantic-conventions/-/semantic-conventions-0.15.0.tgz",
      "integrity": "sha512-JYHR5zZv2+1bg//mx6YE6b/gQPs0zGqjD0/4dDwa9x1Jpo9T18h480izqMJIlu3JZbXwlGm9a7PQhMKsLis63Q=="
    },
    "@opentelemetry/tracing": {
      "version": "0.15.0",
      "resolved": "https://registry.npmjs.org/@opentelemetry/tracing/-/tracing-0.15.0.tgz",
      "integrity": "sha512-BpHanNBmVY3ABMMIHCnv2dk3OrBdpb4WZWUw4UmtnLB2q8DQejiqDQgoNFO8CNSRaPW09Tf78W73VFIfwd+dEQ==",
      "requires": {
        "@opentelemetry/api": "^0.15.0",
        "@opentelemetry/context-base": "^0.15.0",
        "@opentelemetry/core": "^0.15.0",
        "@opentelemetry/resources": "^0.15.0",
        "@opentelemetry/semantic-conventions": "^0.15.0",
        "lodash.merge": "^4.6.2"
      }
    },
    "@opentelemetry/web": {
      "version": "0.17.0",
      "resolved": "https://registry.npmjs.org/@opentelemetry/web/-/web-0.17.0.tgz",
      "integrity": "sha512-pKnWBNpAFVvyGzKIs9d4wJpN+MDTXa+XRm6jX/B3km5Q1PmmbZ8xvnQxtDzu//Qxl6QP/p3G+KiRfozWOi5KUw==",
      "requires": {
        "@opentelemetry/api": "^0.17.0",
        "@opentelemetry/context-base": "^0.17.0",
        "@opentelemetry/core": "^0.17.0",
        "@opentelemetry/semantic-conventions": "^0.17.0",
        "@opentelemetry/tracing": "^0.17.0"
      },
      "dependencies": {
        "@opentelemetry/api": {
          "version": "0.17.0",
          "resolved": "https://registry.npmjs.org/@opentelemetry/api/-/api-0.17.0.tgz",
          "integrity": "sha512-Rr5NklomjXd7BqfGRs8lD78MvDM+tPeUdHNXilyRIgsUu3gKEKpl3ZgJMiI7gx5r94OqvNc5MukkwKK6xjWYfA==",
          "requires": {
            "@opentelemetry/context-base": "^0.17.0"
          }
        },
        "@opentelemetry/context-base": {
          "version": "0.17.0",
          "resolved": "https://registry.npmjs.org/@opentelemetry/context-base/-/context-base-0.17.0.tgz",
          "integrity": "sha512-q4Jy9JqTQh7/SE33YgKqcG5X2/JP9TbTpTmGoCBUYDKePK9E2uO40Rn4MjACqgnxu5sC61seG0P6xilvkpr9CQ=="
        },
        "@opentelemetry/core": {
          "version": "0.17.0",
          "resolved": "https://registry.npmjs.org/@opentelemetry/core/-/core-0.17.0.tgz",
          "integrity": "sha512-jRM0Ydcb98a1ejrShqJIhnc2qqPJI2SJfHDRsFeWCj/q6LIlPo7yRl9msIndUQjRTHHvLdIKBGclNvqoXRyXTA==",
          "requires": {
            "@opentelemetry/api": "^0.17.0",
            "@opentelemetry/context-base": "^0.17.0",
            "semver": "^7.1.3"
          }
        },
        "@opentelemetry/resources": {
          "version": "0.17.0",
          "resolved": "https://registry.npmjs.org/@opentelemetry/resources/-/resources-0.17.0.tgz",
          "integrity": "sha512-0f+RryxBh+m+8zrZ1x36CihK21KME/1pIFcPCH9095hDx9yHiAv1h3AGrR/knWpgA5j84Icr5ymlALarmpWSbg==",
          "requires": {
            "@opentelemetry/api": "^0.17.0",
            "@opentelemetry/core": "^0.17.0"
          }
        },
        "@opentelemetry/semantic-conventions": {
          "version": "0.17.0",
          "resolved": "https://registry.npmjs.org/@opentelemetry/semantic-conventions/-/semantic-conventions-0.17.0.tgz",
          "integrity": "sha512-WtFcpOv1IHaI0kT2BaZcA6/+fkx6pWyJspUKBljA3HeNDIQgYGB2n6nL/6eaZzWNDvDBHzFEzOKULDJdIwGRlQ=="
        },
        "@opentelemetry/tracing": {
          "version": "0.17.0",
          "resolved": "https://registry.npmjs.org/@opentelemetry/tracing/-/tracing-0.17.0.tgz",
          "integrity": "sha512-fnhG6PsDyxpssNGvxx90UNHlsBtPJM0Ouegq7xqQidC33JsQRCFGL0XFMoRltXbuOjT+uKnOti/0o+AxwLnuJA==",
          "requires": {
            "@opentelemetry/api": "^0.17.0",
            "@opentelemetry/context-base": "^0.17.0",
            "@opentelemetry/core": "^0.17.0",
            "@opentelemetry/resources": "^0.17.0",
            "@opentelemetry/semantic-conventions": "^0.17.0",
            "lodash.merge": "^4.6.2"
          }
        }
      }
    },
    "debug": {
      "version": "4.3.1",
      "resolved": "https://registry.npmjs.org/debug/-/debug-4.3.1.tgz",
      "integrity": "sha512-doEwdvm4PCeK4K3RQN2ZC2BYUBaxwLARCqZmMjtF8a51J2Rb0xpVloFRnCODwqjpwnAoao4pelN8l3RJdv3gRQ==",
      "requires": {
        "ms": "2.1.2"
      }
    },
    "function-bind": {
      "version": "1.1.1",
      "resolved": "https://registry.npmjs.org/function-bind/-/function-bind-1.1.1.tgz",
      "integrity": "sha512-yIovAzMX49sF8Yl58fSCWJ5svSLuaibPxXQJFLmBObTuCr0Mf1KiPopGM9NiFjiYBCbfaa2Fh6breQ6ANVTI0A=="
    },
    "has": {
      "version": "1.0.3",
      "resolved": "https://registry.npmjs.org/has/-/has-1.0.3.tgz",
      "integrity": "sha512-f2dvO0VU6Oej7RkWJGrehjbzMAjFp5/VKPp5tTpWIV4JHHZK1/BxbFRtf/siA2SWTe09caDmVtYYzWEIbBS4zw==",
      "requires": {
        "function-bind": "^1.1.1"
      }
    },
    "is-core-module": {
      "version": "2.2.0",
      "resolved": "https://registry.npmjs.org/is-core-module/-/is-core-module-2.2.0.tgz",
      "integrity": "sha512-XRAfAdyyY5F5cOXn7hYQDqh2Xmii+DEfIcQGxK/uNwMHhIkPWO0g8msXcbzLe+MpGoR951MlqM/2iIlU4vKDdQ==",
      "requires": {
        "has": "^1.0.3"
      }
    },
    "lodash.merge": {
      "version": "4.6.2",
      "resolved": "https://registry.npmjs.org/lodash.merge/-/lodash.merge-4.6.2.tgz",
      "integrity": "sha512-0KpjqXRVvrYyCsX1swR/XTK0va6VQkQM6MNo7PqW77ByjAhoARA8EfrP1N4+KlKj8YS0ZUCtRT/YUuhyYDujIQ=="
    },
    "lru-cache": {
      "version": "6.0.0",
      "resolved": "https://registry.npmjs.org/lru-cache/-/lru-cache-6.0.0.tgz",
      "integrity": "sha512-Jo6dJ04CmSjuznwJSS3pUeWmd/H0ffTlkXXgwZi+eq1UCmqQwCh+eLsYOYCwY991i2Fah4h1BEMCx4qThGbsiA==",
      "requires": {
        "yallist": "^4.0.0"
      }
    },
    "module-details-from-path": {
      "version": "1.0.3",
      "resolved": "https://registry.npmjs.org/module-details-from-path/-/module-details-from-path-1.0.3.tgz",
      "integrity": "sha1-EUyUlnPiqKNenTV4hSeqN7Z52is="
    },
    "ms": {
      "version": "2.1.2",
      "resolved": "https://registry.npmjs.org/ms/-/ms-2.1.2.tgz",
      "integrity": "sha512-sGkPx+VjMtmA6MX27oA4FBFELFCZZ4S4XqeGOXCv68tT+jb3vk/RyaKWP0PTKyWtmLSM0b+adUTEvbs1PEaH2w=="
    },
    "path-parse": {
      "version": "1.0.6",
      "resolved": "https://registry.npmjs.org/path-parse/-/path-parse-1.0.6.tgz",
      "integrity": "sha512-GSmOT2EbHrINBf9SR7CDELwlJ8AENk3Qn7OikK4nFYAu3Ote2+JYNVvkpAEQm3/TLNEJFD/xZJjzyxg3KBWOzw=="
    },
    "require-in-the-middle": {
      "version": "5.1.0",
      "resolved": "https://registry.npmjs.org/require-in-the-middle/-/require-in-the-middle-5.1.0.tgz",
      "integrity": "sha512-M2rLKVupQfJ5lf9OvqFGIT+9iVLnTmjgbOmpil12hiSQNn5zJTKGPoIisETNjfK+09vP3rpm1zJajmErpr2sEQ==",
      "requires": {
        "debug": "^4.1.1",
        "module-details-from-path": "^1.0.3",
        "resolve": "^1.12.0"
      }
    },
    "resolve": {
      "version": "1.20.0",
      "resolved": "https://registry.npmjs.org/resolve/-/resolve-1.20.0.tgz",
      "integrity": "sha512-wENBPt4ySzg4ybFQW2TT1zMQucPK95HSh/nq2CFTZVOGut2+pQvSsgtda4d26YrYcr067wjbmzOG8byDPBX63A==",
      "requires": {
        "is-core-module": "^2.2.0",
        "path-parse": "^1.0.6"
      }
    },
    "semver": {
      "version": "7.3.4",
      "resolved": "https://registry.npmjs.org/semver/-/semver-7.3.4.tgz",
      "integrity": "sha512-tCfb2WLjqFAtXn4KEdxIhalnRtoKFN7nAwj0B3ZXCbQloV2tq5eDbcTmT68JJD3nRJq24/XgxtQKFIpQdtvmVw==",
      "requires": {
        "lru-cache": "^6.0.0"
      }
    },
    "shimmer": {
      "version": "1.2.1",
      "resolved": "https://registry.npmjs.org/shimmer/-/shimmer-1.2.1.tgz",
      "integrity": "sha512-sQTKC1Re/rM6XyFM6fIAGHRPVGvyXfgzIDvzoq608vM+jeyVD0Tu1E6Np0Kc2zAIFWIj963V2800iF/9LPieQw=="
    },
    "yallist": {
      "version": "4.0.0",
      "resolved": "https://registry.npmjs.org/yallist/-/yallist-4.0.0.tgz",
      "integrity": "sha512-3wdGidZyq5PB084XLES5TpOSRA3wjXAlIWMhum2kRcv/41Sn2emQ0dycQW4uZXLejwKvg6EsvbdlVL+FYEct7A=="
    }
  }
}
